
Microsoft Visual Studio Solution File, Format Version 10.00
# Visual C++ Express 2008
Project("{8BC9CEB8-8B4A-11D0-8D11-00A0C91BC942}") = "libftxf", "libftxf\libftxf.vcproj", "{D6A2BCAE-A618-426D-8F18-D0A6C58BD2C0}"
	ProjectSection(ProjectDependencies) = postProject
		{454811E6-B435-487B-9274-B12C780335C0} = {454811E6-B435-487B-9274-B12C780335C0}
		{05C9E854-AD27-4885-A6C8-97FF2AA1E6C7} = {05C9E854-AD27-4885-A6C8-97FF2AA1E6C7}
		{6E95A588-55CA-4D01-81C0-75E42833180B} = {6E95A588-55CA-4D01-81C0-75E42833180B}
		{FDABD6A6-8AD0-4D23-BDB2-6A87A33BC418} = {FDABD6A6-8AD0-4D23-BDB2-6A87A33BC418}
		{3511F36B-8AE5-47AA-8426-B1DEDFCCC631} = {3511F36B-8AE5-47AA-8426-B1DEDFCCC631}
		{3FB65EA9-44E3-43D1-BB1D-CA6784F6AD68} = {3FB65EA9-44E3-43D1-BB1D-CA6784F6AD68}
		{ADE3BC5E-3E87-4429-8DAB-3C5F73954532} = {ADE3BC5E-3E87-4429-8DAB-3C5F73954532}
	EndProjectSection
EndProject
Project("{8BC9CEB8-8B4A-11D0-8D11-00A0C91BC942}") = "libfcache", "libfcache\libfcache.vcproj", "{8E3A7C80-D007-4908-8F8B-944969BD0E32}"
	ProjectSection(ProjectDependencies) = postProject
		{454811E6-B435-487B-9274-B12C780335C0} = {454811E6-B435-487B-9274-B12C780335C0}
		{05C9E854-AD27-4885-A6C8-97FF2AA1E6C7} = {05C9E854-AD27-4885-A6C8-97FF2AA1E6C7}
		{D22C15A5-1501-40D7-8A98-684545762D11} = {D22C15A5-1501-40D7-8A98-684545762D11}
		{DE2F67BA-7C7C-45E7-88F6-EB8515AE44E3} = {DE2F67BA-7C7C-45E7-88F6-EB8515AE44E3}
	EndProjectSection
EndProject
Project("{8BC9CEB8-8B4A-11D0-8D11-00A0C91BC942}") = "libfguid", "libfguid\libfguid.vcproj", "{3FB65EA9-44E3-43D1-BB1D-CA6784F6AD68}"
	ProjectSection(ProjectDependencies) = postProject
		{454811E6-B435-487B-9274-B12C780335C0} = {454811E6-B435-487B-9274-B12C780335C0}
		{05C9E854-AD27-4885-A6C8-97FF2AA1E6C7} = {05C9E854-AD27-4885-A6C8-97FF2AA1E6C7}
	EndProjectSection
EndProject
Project("{8BC9CEB8-8B4A-11D0-8D11-00A0C91BC942}") = "libclocale", "libclocale\libclocale.vcproj", "{FCBDCDF3-899B-4EE8-8617-D61C02F10EB1}"
	ProjectSection(ProjectDependencies) = postProject
		{454811E6-B435-487B-9274-B12C780335C0} = {454811E6-B435-487B-9274-B12C780335C0}
		{05C9E854-AD27-4885-A6C8-97FF2AA1E6C7} = {05C9E854-AD27-4885-A6C8-97FF2AA1E6C7}
	EndProjectSection
EndProject
Project("{8BC9CEB8-8B4A-11D0-8D11-00A0C91BC942}") = "libfsclfs", "libfsclfs\libfsclfs.vcproj", "{0592EBF0-7CBE-4A25-995E-8AFD3C84E2A8}"
	ProjectSection(ProjectDependencies) = postProject
		{454811E6-B435-487B-9274-B12C780335C0} = {454811E6-B435-487B-9274-B12C780335C0}
		{05C9E854-AD27-4885-A6C8-97FF2AA1E6C7} = {05C9E854-AD27-4885-A6C8-97FF2AA1E6C7}
		{DE2F67BA-7C7C-45E7-88F6-EB8515AE44E3} = {DE2F67BA-7C7C-45E7-88F6-EB8515AE44E3}
		{FCBDCDF3-899B-4EE8-8617-D61C02F10EB1} = {FCBDCDF3-899B-4EE8-8617-D61C02F10EB1}
		{6E95A588-55CA-4D01-81C0-75E42833180B} = {6E95A588-55CA-4D01-81C0-75E42833180B}
		{A7151820-1F64-4C77-8A31-2E1C687DA501} = {A7151820-1F64-4C77-8A31-2E1C687DA501}
		{FDABD6A6-8AD0-4D23-BDB2-6A87A33BC418} = {FDABD6A6-8AD0-4D23-BDB2-6A87A33BC418}
		{D888BE69-C9BB-49F3-ADCB-68F6B0FD585A} = {D888BE69-C9BB-49F3-ADCB-68F6B0FD585A}
		{DC711A87-09AE-425B-B8DC-05BF71F14308} = {DC711A87-09AE-425B-B8DC-05BF71F14308}
		{480C5EA3-FF4F-4EDE-8557-68C042C6FAF4} = {480C5EA3-FF4F-4EDE-8557-68C042C6FAF4}
		{3FB65EA9-44E3-43D1-BB1D-CA6784F6AD68} = {3FB65EA9-44E3-43D1-BB1D-CA6784F6AD68}
	EndProjectSection
EndProject
Project("{8BC9CEB8-8B4A-11D0-8D11-00A0C91BC942}") = "libbfio", "libbfio\libbfio.vcproj", "{480C5EA3-FF4F-4EDE-8557-68C042C6FAF4}"
	ProjectSection(ProjectDependencies) = postProject
		{454811E6-B435-487B-9274-B12C780335C0} = {454811E6-B435-487B-9274-B12C780335C0}
		{05C9E854-AD27-4885-A6C8-97FF2AA1E6C7} = {05C9E854-AD27-4885-A6C8-97FF2AA1E6C7}
		{D22C15A5-1501-40D7-8A98-684545762D11} = {D22C15A5-1501-40D7-8A98-684545762D11}
		{DE2F67BA-7C7C-45E7-88F6-EB8515AE44E3} = {DE2F67BA-7C7C-45E7-88F6-EB8515AE44E3}
		{FCBDCDF3-899B-4EE8-8617-D61C02F10EB1} = {FCBDCDF3-899B-4EE8-8617-D61C02F10EB1}
		{6E95A588-55CA-4D01-81C0-75E42833180B} = {6E95A588-55CA-4D01-81C0-75E42833180B}
		{FDABD6A6-8AD0-4D23-BDB2-6A87A33BC418} = {FDABD6A6-8AD0-4D23-BDB2-6A87A33BC418}
		{D888BE69-C9BB-49F3-ADCB-68F6B0FD585A} = {D888BE69-C9BB-49F3-ADCB-68F6B0FD585A}
		{DC711A87-09AE-425B-B8DC-05BF71F14308} = {DC711A87-09AE-425B-B8DC-05BF71F14308}
	EndProjectSection
EndProject
Project("{8BC9CEB8-8B4A-11D0-8D11-00A0C91BC942}") = "libftxr", "libftxr\libftxr.vcproj", "{38EF4CDB-02EC-452F-97D3-8DF14287F7C2}"
	ProjectSection(ProjectDependencies) = postProject
		{454811E6-B435-487B-9274-B12C780335C0} = {454811E6-B435-487B-9274-B12C780335C0}
		{05C9E854-AD27-4885-A6C8-97FF2AA1E6C7} = {05C9E854-AD27-4885-A6C8-97FF2AA1E6C7}
		{6E95A588-55CA-4D01-81C0-75E42833180B} = {6E95A588-55CA-4D01-81C0-75E42833180B}
		{FDABD6A6-8AD0-4D23-BDB2-6A87A33BC418} = {FDABD6A6-8AD0-4D23-BDB2-6A87A33BC418}
		{3511F36B-8AE5-47AA-8426-B1DEDFCCC631} = {3511F36B-8AE5-47AA-8426-B1DEDFCCC631}
		{3FB65EA9-44E3-43D1-BB1D-CA6784F6AD68} = {3FB65EA9-44E3-43D1-BB1D-CA6784F6AD68}
		{ADE3BC5E-3E87-4429-8DAB-3C5F73954532} = {ADE3BC5E-3E87-4429-8DAB-3C5F73954532}
	EndProjectSection
EndProject
Project("{8BC9CEB8-8B4A-11D0-8D11-00A0C91BC942}") = "fsclfsinfo", "fsclfsinfo\fsclfsinfo.vcproj", "{E435FD13-3502-4095-BCD9-BCB75738BF2C}"
	ProjectSection(ProjectDependencies) = postProject
		{9F1F3669-3235-4337-AC74-09E1F196880C} = {9F1F3669-3235-4337-AC74-09E1F196880C}
		{0592EBF0-7CBE-4A25-995E-8AFD3C84E2A8} = {0592EBF0-7CBE-4A25-995E-8AFD3C84E2A8}
		{6E95A588-55CA-4D01-81C0-75E42833180B} = {6E95A588-55CA-4D01-81C0-75E42833180B}
		{FCBDCDF3-899B-4EE8-8617-D61C02F10EB1} = {FCBDCDF3-899B-4EE8-8617-D61C02F10EB1}
		{05C9E854-AD27-4885-A6C8-97FF2AA1E6C7} = {05C9E854-AD27-4885-A6C8-97FF2AA1E6C7}
		{454811E6-B435-487B-9274-B12C780335C0} = {454811E6-B435-487B-9274-B12C780335C0}
	EndProjectSection
EndProject
Project("{8BC9CEB8-8B4A-11D0-8D11-00A0C91BC942}") = "fsclfstest", "fsclfstest\fsclfstest.vcproj", "{ABF840E3-D051-4D1F-B416-C5632420EEF0}"
	ProjectSection(ProjectDependencies) = postProject
		{9F1F3669-3235-4337-AC74-09E1F196880C} = {9F1F3669-3235-4337-AC74-09E1F196880C}
		{38EF4CDB-02EC-452F-97D3-8DF14287F7C2} = {38EF4CDB-02EC-452F-97D3-8DF14287F7C2}
		{D6A2BCAE-A618-426D-8F18-D0A6C58BD2C0} = {D6A2BCAE-A618-426D-8F18-D0A6C58BD2C0}
		{0592EBF0-7CBE-4A25-995E-8AFD3C84E2A8} = {0592EBF0-7CBE-4A25-995E-8AFD3C84E2A8}
		{6E95A588-55CA-4D01-81C0-75E42833180B} = {6E95A588-55CA-4D01-81C0-75E42833180B}
		{FCBDCDF3-899B-4EE8-8617-D61C02F10EB1} = {FCBDCDF3-899B-4EE8-8617-D61C02F10EB1}
		{05C9E854-AD27-4885-A6C8-97FF2AA1E6C7} = {05C9E854-AD27-4885-A6C8-97FF2AA1E6C7}
		{454811E6-B435-487B-9274-B12C780335C0} = {454811E6-B435-487B-9274-B12C780335C0}
	EndProjectSection
EndProject
Project("{8BC9CEB8-8B4A-11D0-8D11-00A0C91BC942}") = "libfdatetime", "libfdatetime\libfdatetime.vcproj", "{3511F36B-8AE5-47AA-8426-B1DEDFCCC631}"
	ProjectSection(ProjectDependencies) = postProject
		{454811E6-B435-487B-9274-B12C780335C0} = {454811E6-B435-487B-9274-B12C780335C0}
		{05C9E854-AD27-4885-A6C8-97FF2AA1E6C7} = {05C9E854-AD27-4885-A6C8-97FF2AA1E6C7}
	EndProjectSection
EndProject
Project("{8BC9CEB8-8B4A-11D0-8D11-00A0C91BC942}") = "libcfile", "libcfile\libcfile.vcproj", "{D888BE69-C9BB-49F3-ADCB-68F6B0FD585A}"
	ProjectSection(ProjectDependencies) = postProject
		{454811E6-B435-487B-9274-B12C780335C0} = {454811E6-B435-487B-9274-B12C780335C0}
		{05C9E854-AD27-4885-A6C8-97FF2AA1E6C7} = {05C9E854-AD27-4885-A6C8-97FF2AA1E6C7}
		{FCBDCDF3-899B-4EE8-8617-D61C02F10EB1} = {FCBDCDF3-899B-4EE8-8617-D61C02F10EB1}
		{6E95A588-55CA-4D01-81C0-75E42833180B} = {6E95A588-55CA-4D01-81C0-75E42833180B}
		{FDABD6A6-8AD0-4D23-BDB2-6A87A33BC418} = {FDABD6A6-8AD0-4D23-BDB2-6A87A33BC418}
	EndProjectSection
EndProject
Project("{8BC9CEB8-8B4A-11D0-8D11-00A0C91BC942}") = "libfwnt", "libfwnt\libfwnt.vcproj", "{39082D10-E91E-4984-95F3-054FCC8B48C5}"
	ProjectSection(ProjectDependencies) = postProject
		{454811E6-B435-487B-9274-B12C780335C0} = {454811E6-B435-487B-9274-B12C780335C0}
		{05C9E854-AD27-4885-A6C8-97FF2AA1E6C7} = {05C9E854-AD27-4885-A6C8-97FF2AA1E6C7}
		{D22C15A5-1501-40D7-8A98-684545762D11} = {D22C15A5-1501-40D7-8A98-684545762D11}
		{DE2F67BA-7C7C-45E7-88F6-EB8515AE44E3} = {DE2F67BA-7C7C-45E7-88F6-EB8515AE44E3}
		{6E95A588-55CA-4D01-81C0-75E42833180B} = {6E95A588-55CA-4D01-81C0-75E42833180B}
	EndProjectSection
EndProject
Project("{8BC9CEB8-8B4A-11D0-8D11-00A0C91BC942}") = "libcthreads", "libcthreads\libcthreads.vcproj", "{D22C15A5-1501-40D7-8A98-684545762D11}"
	ProjectSection(ProjectDependencies) = postProject
		{454811E6-B435-487B-9274-B12C780335C0} = {454811E6-B435-487B-9274-B12C780335C0}
		{05C9E854-AD27-4885-A6C8-97FF2AA1E6C7} = {05C9E854-AD27-4885-A6C8-97FF2AA1E6C7}
	EndProjectSection
EndProject
Project("{8BC9CEB8-8B4A-11D0-8D11-00A0C91BC942}") = "libcpath", "libcpath\libcpath.vcproj", "{DC711A87-09AE-425B-B8DC-05BF71F14308}"
	ProjectSection(ProjectDependencies) = postProject
		{454811E6-B435-487B-9274-B12C780335C0} = {454811E6-B435-487B-9274-B12C780335C0}
		{05C9E854-AD27-4885-A6C8-97FF2AA1E6C7} = {05C9E854-AD27-4885-A6C8-97FF2AA1E6C7}
		{FCBDCDF3-899B-4EE8-8617-D61C02F10EB1} = {FCBDCDF3-899B-4EE8-8617-D61C02F10EB1}
		{A7151820-1F64-4C77-8A31-2E1C687DA501} = {A7151820-1F64-4C77-8A31-2E1C687DA501}
		{FDABD6A6-8AD0-4D23-BDB2-6A87A33BC418} = {FDABD6A6-8AD0-4D23-BDB2-6A87A33BC418}
	EndProjectSection
EndProject
Project("{8BC9CEB8-8B4A-11D0-8D11-00A0C91BC942}") = "libfusn", "libfusn\libfusn.vcproj", "{ADE3BC5E-3E87-4429-8DAB-3C5F73954532}"
	ProjectSection(ProjectDependencies) = postProject
		{454811E6-B435-487B-9274-B12C780335C0} = {454811E6-B435-487B-9274-B12C780335C0}
		{05C9E854-AD27-4885-A6C8-97FF2AA1E6C7} = {05C9E854-AD27-4885-A6C8-97FF2AA1E6C7}
		{6E95A588-55CA-4D01-81C0-75E42833180B} = {6E95A588-55CA-4D01-81C0-75E42833180B}
		{FDABD6A6-8AD0-4D23-BDB2-6A87A33BC418} = {FDABD6A6-8AD0-4D23-BDB2-6A87A33BC418}
		{3511F36B-8AE5-47AA-8426-B1DEDFCCC631} = {3511F36B-8AE5-47AA-8426-B1DEDFCCC631}
	EndProjectSection
EndProject
Project("{8BC9CEB8-8B4A-11D0-8D11-00A0C91BC942}") = "libcstring", "libcstring\libcstring.vcproj", "{454811E6-B435-487B-9274-B12C780335C0}"
EndProject
Project("{8BC9CEB8-8B4A-11D0-8D11-00A0C91BC942}") = "libuna", "libuna\libuna.vcproj", "{FDABD6A6-8AD0-4D23-BDB2-6A87A33BC418}"
	ProjectSection(ProjectDependencies) = postProject
		{454811E6-B435-487B-9274-B12C780335C0} = {454811E6-B435-487B-9274-B12C780335C0}
		{05C9E854-AD27-4885-A6C8-97FF2AA1E6C7} = {05C9E854-AD27-4885-A6C8-97FF2AA1E6C7}
	EndProjectSection
EndProject
Project("{8BC9CEB8-8B4A-11D0-8D11-00A0C91BC942}") = "libcerror", "libcerror\libcerror.vcproj", "{05C9E854-AD27-4885-A6C8-97FF2AA1E6C7}"
	ProjectSection(ProjectDependencies) = postProject
		{454811E6-B435-487B-9274-B12C780335C0} = {454811E6-B435-487B-9274-B12C780335C0}
	EndProjectSection
EndProject
Project("{8BC9CEB8-8B4A-11D0-8D11-00A0C91BC942}") = "libcnotify", "libcnotify\libcnotify.vcproj", "{6E95A588-55CA-4D01-81C0-75E42833180B}"
	ProjectSection(ProjectDependencies) = postProject
		{454811E6-B435-487B-9274-B12C780335C0} = {454811E6-B435-487B-9274-B12C780335C0}
		{05C9E854-AD27-4885-A6C8-97FF2AA1E6C7} = {05C9E854-AD27-4885-A6C8-97FF2AA1E6C7}
	EndProjectSection
EndProject
Project("{8BC9CEB8-8B4A-11D0-8D11-00A0C91BC942}") = "libcsystem", "libcsystem\libcsystem.vcproj", "{9F1F3669-3235-4337-AC74-09E1F196880C}"
	ProjectSection(ProjectDependencies) = postProject
		{454811E6-B435-487B-9274-B12C780335C0} = {454811E6-B435-487B-9274-B12C780335C0}
		{05C9E854-AD27-4885-A6C8-97FF2AA1E6C7} = {05C9E854-AD27-4885-A6C8-97FF2AA1E6C7}
		{FCBDCDF3-899B-4EE8-8617-D61C02F10EB1} = {FCBDCDF3-899B-4EE8-8617-D61C02F10EB1}
		{6E95A588-55CA-4D01-81C0-75E42833180B} = {6E95A588-55CA-4D01-81C0-75E42833180B}
		{FDABD6A6-8AD0-4D23-BDB2-6A87A33BC418} = {FDABD6A6-8AD0-4D23-BDB2-6A87A33BC418}
	EndProjectSection
EndProject
Project("{8BC9CEB8-8B4A-11D0-8D11-00A0C91BC942}") = "libfdata", "libfdata\libfdata.vcproj", "{DFAC2E97-AB35-466A-A057-09981D28D8D3}"
	ProjectSection(ProjectDependencies) = postProject
		{454811E6-B435-487B-9274-B12C780335C0} = {454811E6-B435-487B-9274-B12C780335C0}
		{05C9E854-AD27-4885-A6C8-97FF2AA1E6C7} = {05C9E854-AD27-4885-A6C8-97FF2AA1E6C7}
		{D22C15A5-1501-40D7-8A98-684545762D11} = {D22C15A5-1501-40D7-8A98-684545762D11}
		{DE2F67BA-7C7C-45E7-88F6-EB8515AE44E3} = {DE2F67BA-7C7C-45E7-88F6-EB8515AE44E3}
		{6E95A588-55CA-4D01-81C0-75E42833180B} = {6E95A588-55CA-4D01-81C0-75E42833180B}
		{8E3A7C80-D007-4908-8F8B-944969BD0E32} = {8E3A7C80-D007-4908-8F8B-944969BD0E32}
	EndProjectSection
EndProject
Project("{8BC9CEB8-8B4A-11D0-8D11-00A0C91BC942}") = "libcdata", "libcdata\libcdata.vcproj", "{DE2F67BA-7C7C-45E7-88F6-EB8515AE44E3}"
	ProjectSection(ProjectDependencies) = postProject
		{454811E6-B435-487B-9274-B12C780335C0} = {454811E6-B435-487B-9274-B12C780335C0}
		{05C9E854-AD27-4885-A6C8-97FF2AA1E6C7} = {05C9E854-AD27-4885-A6C8-97FF2AA1E6C7}
		{D22C15A5-1501-40D7-8A98-684545762D11} = {D22C15A5-1501-40D7-8A98-684545762D11}
	EndProjectSection
EndProject
Project("{8BC9CEB8-8B4A-11D0-8D11-00A0C91BC942}") = "libcsplit", "libcsplit\libcsplit.vcproj", "{A7151820-1F64-4C77-8A31-2E1C687DA501}"
	ProjectSection(ProjectDependencies) = postProject
		{454811E6-B435-487B-9274-B12C780335C0} = {454811E6-B435-487B-9274-B12C780335C0}
		{05C9E854-AD27-4885-A6C8-97FF2AA1E6C7} = {05C9E854-AD27-4885-A6C8-97FF2AA1E6C7}
	EndProjectSection
EndProject
Global
	GlobalSection(SolutionConfigurationPlatforms) = preSolution
		Release|Win32 = Release|Win32
		VSDebug|Win32 = VSDebug|Win32
	EndGlobalSection
	GlobalSection(ProjectConfigurationPlatforms) = postSolution
		{D6A2BCAE-A618-426D-8F18-D0A6C58BD2C0}.Release|Win32.ActiveCfg = Release|Win32
		{D6A2BCAE-A618-426D-8F18-D0A6C58BD2C0}.Release|Win32.Build.0 = Release|Win32
		{D6A2BCAE-A618-426D-8F18-D0A6C58BD2C0}.VSDebug|Win32.ActiveCfg = VSDebug|Win32
		{D6A2BCAE-A618-426D-8F18-D0A6C58BD2C0}.VSDebug|Win32.Build.0 = VSDebug|Win32
		{8E3A7C80-D007-4908-8F8B-944969BD0E32}.Release|Win32.ActiveCfg = Release|Win32
		{8E3A7C80-D007-4908-8F8B-944969BD0E32}.Release|Win32.Build.0 = Release|Win32
		{8E3A7C80-D007-4908-8F8B-944969BD0E32}.VSDebug|Win32.ActiveCfg = VSDebug|Win32
		{8E3A7C80-D007-4908-8F8B-944969BD0E32}.VSDebug|Win32.Build.0 = VSDebug|Win32
		{3FB65EA9-44E3-43D1-BB1D-CA6784F6AD68}.Release|Win32.ActiveCfg = Release|Win32
		{3FB65EA9-44E3-43D1-BB1D-CA6784F6AD68}.Release|Win32.Build.0 = Release|Win32
		{3FB65EA9-44E3-43D1-BB1D-CA6784F6AD68}.VSDebug|Win32.ActiveCfg = VSDebug|Win32
		{3FB65EA9-44E3-43D1-BB1D-CA6784F6AD68}.VSDebug|Win32.Build.0 = VSDebug|Win32
		{FCBDCDF3-899B-4EE8-8617-D61C02F10EB1}.Release|Win32.ActiveCfg = Release|Win32
		{FCBDCDF3-899B-4EE8-8617-D61C02F10EB1}.Release|Win32.Build.0 = Release|Win32
		{FCBDCDF3-899B-4EE8-8617-D61C02F10EB1}.VSDebug|Win32.ActiveCfg = VSDebug|Win32
		{FCBDCDF3-899B-4EE8-8617-D61C02F10EB1}.VSDebug|Win32.Build.0 = VSDebug|Win32
		{0592EBF0-7CBE-4A25-995E-8AFD3C84E2A8}.Release|Win32.ActiveCfg = Release|Win32
		{0592EBF0-7CBE-4A25-995E-8AFD3C84E2A8}.Release|Win32.Build.0 = Release|Win32
		{0592EBF0-7CBE-4A25-995E-8AFD3C84E2A8}.VSDebug|Win32.ActiveCfg = VSDebug|Win32
		{0592EBF0-7CBE-4A25-995E-8AFD3C84E2A8}.VSDebug|Win32.Build.0 = VSDebug|Win32
		{480C5EA3-FF4F-4EDE-8557-68C042C6FAF4}.Release|Win32.ActiveCfg = Release|Win32
		{480C5EA3-FF4F-4EDE-8557-68C042C6FAF4}.Release|Win32.Build.0 = Release|Win32
		{480C5EA3-FF4F-4EDE-8557-68C042C6FAF4}.VSDebug|Win32.ActiveCfg = VSDebug|Win32
		{480C5EA3-FF4F-4EDE-8557-68C042C6FAF4}.VSDebug|Win32.Build.0 = VSDebug|Win32
		{38EF4CDB-02EC-452F-97D3-8DF14287F7C2}.Release|Win32.ActiveCfg = Release|Win32
		{38EF4CDB-02EC-452F-97D3-8DF14287F7C2}.Release|Win32.Build.0 = Release|Win32
		{38EF4CDB-02EC-452F-97D3-8DF14287F7C2}.VSDebug|Win32.ActiveCfg = VSDebug|Win32
		{38EF4CDB-02EC-452F-97D3-8DF14287F7C2}.VSDebug|Win32.Build.0 = VSDebug|Win32
		{E435FD13-3502-4095-BCD9-BCB75738BF2C}.Release|Win32.ActiveCfg = Release|Win32
		{E435FD13-3502-4095-BCD9-BCB75738BF2C}.Release|Win32.Build.0 = Release|Win32
		{E435FD13-3502-4095-BCD9-BCB75738BF2C}.VSDebug|Win32.ActiveCfg = VSDebug|Win32
		{E435FD13-3502-4095-BCD9-BCB75738BF2C}.VSDebug|Win32.Build.0 = VSDebug|Win32
		{ABF840E3-D051-4D1F-B416-C5632420EEF0}.Release|Win32.ActiveCfg = Release|Win32
		{ABF840E3-D051-4D1F-B416-C5632420EEF0}.Release|Win32.Build.0 = Release|Win32
		{ABF840E3-D051-4D1F-B416-C5632420EEF0}.VSDebug|Win32.ActiveCfg = VSDebug|Win32
		{ABF840E3-D051-4D1F-B416-C5632420EEF0}.VSDebug|Win32.Build.0 = VSDebug|Win32
		{3511F36B-8AE5-47AA-8426-B1DEDFCCC631}.Release|Win32.ActiveCfg = Release|Win32
		{3511F36B-8AE5-47AA-8426-B1DEDFCCC631}.Release|Win32.Build.0 = Release|Win32
		{3511F36B-8AE5-47AA-8426-B1DEDFCCC631}.VSDebug|Win32.ActiveCfg = VSDebug|Win32
		{3511F36B-8AE5-47AA-8426-B1DEDFCCC631}.VSDebug|Win32.Build.0 = VSDebug|Win32
		{D888BE69-C9BB-49F3-ADCB-68F6B0FD585A}.Release|Win32.ActiveCfg = Release|Win32
		{D888BE69-C9BB-49F3-ADCB-68F6B0FD585A}.Release|Win32.Build.0 = Release|Win32
		{D888BE69-C9BB-49F3-ADCB-68F6B0FD585A}.VSDebug|Win32.ActiveCfg = VSDebug|Win32
		{D888BE69-C9BB-49F3-ADCB-68F6B0FD585A}.VSDebug|Win32.Build.0 = VSDebug|Win32
		{39082D10-E91E-4984-95F3-054FCC8B48C5}.Release|Win32.ActiveCfg = Release|Win32
		{39082D10-E91E-4984-95F3-054FCC8B48C5}.Release|Win32.Build.0 = Release|Win32
		{39082D10-E91E-4984-95F3-054FCC8B48C5}.VSDebug|Win32.ActiveCfg = VSDebug|Win32
		{39082D10-E91E-4984-95F3-054FCC8B48C5}.VSDebug|Win32.Build.0 = VSDebug|Win32
		{D22C15A5-1501-40D7-8A98-684545762D11}.Release|Win32.ActiveCfg = Release|Win32
		{D22C15A5-1501-40D7-8A98-684545762D11}.Release|Win32.Build.0 = Release|Win32
		{D22C15A5-1501-40D7-8A98-684545762D11}.VSDebug|Win32.ActiveCfg = VSDebug|Win32
		{D22C15A5-1501-40D7-8A98-684545762D11}.VSDebug|Win32.Build.0 = VSDebug|Win32
		{DC711A87-09AE-425B-B8DC-05BF71F14308}.Release|Win32.ActiveCfg = Release|Win32
		{DC711A87-09AE-425B-B8DC-05BF71F14308}.Release|Win32.Build.0 = Release|Win32
		{DC711A87-09AE-425B-B8DC-05BF71F14308}.VSDebug|Win32.ActiveCfg = VSDebug|Win32
		{DC711A87-09AE-425B-B8DC-05BF71F14308}.VSDebug|Win32.Build.0 = VSDebug|Win32
		{ADE3BC5E-3E87-4429-8DAB-3C5F73954532}.Release|Win32.ActiveCfg = Release|Win32
		{ADE3BC5E-3E87-4429-8DAB-3C5F73954532}.Release|Win32.Build.0 = Release|Win32
		{ADE3BC5E-3E87-4429-8DAB-3C5F73954532}.VSDebug|Win32.ActiveCfg = VSDebug|Win32
		{ADE3BC5E-3E87-4429-8DAB-3C5F73954532}.VSDebug|Win32.Build.0 = VSDebug|Win32
		{454811E6-B435-487B-9274-B12C780335C0}.Release|Win32.ActiveCfg = Release|Win32
		{454811E6-B435-487B-9274-B12C780335C0}.Release|Win32.Build.0 = Release|Win32
		{454811E6-B435-487B-9274-B12C780335C0}.VSDebug|Win32.ActiveCfg = VSDebug|Win32
		{454811E6-B435-487B-9274-B12C780335C0}.VSDebug|Win32.Build.0 = VSDebug|Win32
		{FDABD6A6-8AD0-4D23-BDB2-6A87A33BC418}.Release|Win32.ActiveCfg = Release|Win32
		{FDABD6A6-8AD0-4D23-BDB2-6A87A33BC418}.Release|Win32.Build.0 = Release|Win32
		{FDABD6A6-8AD0-4D23-BDB2-6A87A33BC418}.VSDebug|Win32.ActiveCfg = VSDebug|Win32
		{FDABD6A6-8AD0-4D23-BDB2-6A87A33BC418}.VSDebug|Win32.Build.0 = VSDebug|Win32
		{05C9E854-AD27-4885-A6C8-97FF2AA1E6C7}.Release|Win32.ActiveCfg = Release|Win32
		{05C9E854-AD27-4885-A6C8-97FF2AA1E6C7}.Release|Win32.Build.0 = Release|Win32
		{05C9E854-AD27-4885-A6C8-97FF2AA1E6C7}.VSDebug|Win32.ActiveCfg = VSDebug|Win32
		{05C9E854-AD27-4885-A6C8-97FF2AA1E6C7}.VSDebug|Win32.Build.0 = VSDebug|Win32
		{6E95A588-55CA-4D01-81C0-75E42833180B}.Release|Win32.ActiveCfg = Release|Win32
		{6E95A588-55CA-4D01-81C0-75E42833180B}.Release|Win32.Build.0 = Release|Win32
		{6E95A588-55CA-4D01-81C0-75E42833180B}.VSDebug|Win32.ActiveCfg = VSDebug|Win32
		{6E95A588-55CA-4D01-81C0-75E42833180B}.VSDebug|Win32.Build.0 = VSDebug|Win32
		{9F1F3669-3235-4337-AC74-09E1F196880C}.Release|Win32.ActiveCfg = Release|Win32
		{9F1F3669-3235-4337-AC74-09E1F196880C}.Release|Win32.Build.0 = Release|Win32
		{9F1F3669-3235-4337-AC74-09E1F196880C}.VSDebug|Win32.ActiveCfg = VSDebug|Win32
		{9F1F3669-3235-4337-AC74-09E1F196880C}.VSDebug|Win32.Build.0 = VSDebug|Win32
		{DFAC2E97-AB35-466A-A057-09981D28D8D3}.Release|Win32.ActiveCfg = Release|Win32
		{DFAC2E97-AB35-466A-A057-09981D28D8D3}.Release|Win32.Build.0 = Release|Win32
		{DFAC2E97-AB35-466A-A057-09981D28D8D3}.VSDebug|Win32.ActiveCfg = VSDebug|Win32
		{DFAC2E97-AB35-466A-A057-09981D28D8D3}.VSDebug|Win32.Build.0 = VSDebug|Win32
		{DE2F67BA-7C7C-45E7-88F6-EB8515AE44E3}.Release|Win32.ActiveCfg = Release|Win32
		{DE2F67BA-7C7C-45E7-88F6-EB8515AE44E3}.Release|Win32.Build.0 = Release|Win32
		{DE2F67BA-7C7C-45E7-88F6-EB8515AE44E3}.VSDebug|Win32.ActiveCfg = VSDebug|Win32
		{DE2F67BA-7C7C-45E7-88F6-EB8515AE44E3}.VSDebug|Win32.Build.0 = VSDebug|Win32
		{A7151820-1F64-4C77-8A31-2E1C687DA501}.Release|Win32.ActiveCfg = Release|Win32
		{A7151820-1F64-4C77-8A31-2E1C687DA501}.Release|Win32.Build.0 = Release|Win32
		{A7151820-1F64-4C77-8A31-2E1C687DA501}.VSDebug|Win32.ActiveCfg = VSDebug|Win32
		{A7151820-1F64-4C77-8A31-2E1C687DA501}.VSDebug|Win32.Build.0 = VSDebug|Win32
	EndGlobalSection
	GlobalSection(SolutionProperties) = preSolution
		HideSolutionNode = FALSE
	EndGlobalSection
EndGlobal
